<?xml version="1.0" encoding="UTF-8" standalone="yes" ?>
<CodeBlocks_project_file>
	<FileVersion major="1" minor="4" />
	<Project>
		<Option title="2cdt" />
		<Option makefile="makefile" />
		<Option pch_mode="0" />
		<Option compiler="gcc" />
		<Build>
			<Target title="default">
				<Option output="C:\2cdt\2cdt.exe" />
				<Option type="1" />
				<Option compiler="gcc" />
				<Option parameters="-m 2 -r snake c:\blocks.bin c:\tester.cdt" />
				<Option includeInTargetAll="1" />
				<Option projectResourceIncludeDirsRelation="1" />
			</Target>
		</Build>
		<Compiler>
			<Add option="-g" />
		</Compiler>
		<Unit filename="src\2cdt.c">
			<Option compilerVar="CC" />
			<Option target="default" />
		</Unit>
		<Unit filename="src\defs.h">
			<Option compilerVar="CC" />
			<Option compile="0" />
			<Option link="0" />
			<Option target="default" />
		</Unit>
		<Unit filename="src\tzxfile.c">
			<Option compilerVar="CC" />
			<Option target="default" />
		</Unit>
		<Unit filename="src\tzxfile.h">
			<Option compilerVar="CC" />
			<Option compile="0" />
			<Option link="0" />
			<Option target="default" />
		</Unit>
	</Project>
</CodeBlocks_project_file>